
Microsoft Visual Studio Solution File, Format Version 12.00
# Visual Studio Version 16
VisualStudioVersion = 16.0.31005.135
MinimumVisualStudioVersion = 10.0.40219.1
Project("{FAE04EC0-301F-11D3-BF4B-00C04F79EFBC}") = "Calculator with SwitchCase", "Calculator with SwitchCase\Calculator with SwitchCase.csproj", "{7AEC9404-D899-4AB9-9F4E-B510CE06E29A}"
EndProject
Global
	GlobalSection(SolutionConfigurationPlatforms) = preSolution
		Debug|Any CPU = Debug|Any CPU
		Release|Any CPU = Release|Any CPU
	EndGlobalSection
	GlobalSection(ProjectConfigurationPlatforms) = postSolution
		{7AEC9404-D899-4AB9-9F4E-B510CE06E29A}.Debug|Any CPU.ActiveCfg = Debug|Any CPU
		{7AEC9404-D899-4AB9-9F4E-B510CE06E29A}.Debug|Any CPU.Build.0 = Debug|Any CPU
		{7AEC9404-D899-4AB9-9F4E-B510CE06E29A}.Release|Any CPU.ActiveCfg = Release|Any CPU
		{7AEC9404-D899-4AB9-9F4E-B510CE06E29A}.Release|Any CPU.Build.0 = Release|Any CPU
	EndGlobalSection
	GlobalSection(SolutionProperties) = preSolution
		HideSolutionNode = FALSE
	EndGlobalSection
	GlobalSection(ExtensibilityGlobals) = postSolution
		SolutionGuid = {A047388D-7D8D-4362-99C5-8E90459923FC}
	EndGlobalSection
EndGlobal
